
Microsoft Visual Studio Solution File, Format Version 12.00
# Visual Studio Version 16
VisualStudioVersion = 16.0.28922.388
MinimumVisualStudioVersion = 10.0.40219.1
Project("{FAE04EC0-301F-11D3-BF4B-00C04F79EFBC}") = "Calculator", "Calculator\Calculator.csproj", "{3AD3C562-A15E-4823-82F6-11A2AE6C5E02}"
EndProject
Global
	GlobalSection(SolutionConfigurationPlatforms) = preSolution
		Debug|Any CPU = Debug|Any CPU
		Release|Any CPU = Release|Any CPU
	EndGlobalSection
	GlobalSection(ProjectConfigurationPlatforms) = postSolution
		{3AD3C562-A15E-4823-82F6-11A2AE6C5E02}.Debug|Any CPU.ActiveCfg = Debug|Any CPU
		{3AD3C562-A15E-4823-82F6-11A2AE6C5E02}.Debug|Any CPU.Build.0 = Debug|Any CPU
		{3AD3C562-A15E-4823-82F6-11A2AE6C5E02}.Release|Any CPU.ActiveCfg = Release|Any CPU
		{3AD3C562-A15E-4823-82F6-11A2AE6C5E02}.Release|Any CPU.Build.0 = Release|Any CPU
	EndGlobalSection
	GlobalSection(SolutionProperties) = preSolution
		HideSolutionNode = FALSE
	EndGlobalSection
	GlobalSection(ExtensibilityGlobals) = postSolution
		SolutionGuid = {E00EEB15-2A26-40CE-BF74-318FCE844E0F}
	EndGlobalSection
EndGlobal
